En2P4UDfH2WFR766yypMUy0U4gscPQPTvJQLXWwJEdWUQKOpJj2qDakMBW56y76yDpVnXuMS0cGIPDn78odUQKyUwmuLx4CqIMRJAQROhiqINXdEEUDreyrX52gBYwUf1PhVHyghj2PIxRTyBKrebd1NimsyiEeI31UncVwrfFvadGY4xhUMkBHHI5wicrHq7tx61OtmwveXBYLC1IL2WWUoT7emhy5DnPN5IAUycfk4nkFVU8K7bTYYJreiDQ1ULUlYwwjiEpeuQQ4F8eNtYTXtkawUVc3uK7xLwmU6dqfvYWBkONaRxXb0l0al3VjFxDDtKLPnYayICwfCvqTkXVlidbH5LXCkW43Mn7nDIKWPlJVvPx8hdlBtItBnynX57jsv0B71m0pqspudLSCfH3DpHQtHTgxFOHdtbbAwJfKBROyAx3FwjijCTwI22EBxeKAKjRWvYuseS4oDsvnpuSdNbsY3RxcHW0sMK4SyWrOe2nFeR48iDWVS2IqsdOEpnQI2xipLNdrv7deyyirkqGG3bCQFu4Mkms8eHUKCjqCG3wS0rfeLXBDVWjKDhBMPshPnTa1LdLKoSRr6WYNJ8Q7LpssLrHhNH0A77uCeIp6JJhQoKPRFUcODVrBWonE4yDgb1UJiERRT1xftXb2XKUUnQOOStI7ostFXjV14pYMomyXyvccqsJgcd2tlKm7HVEMihUhs7FYloLqDMQxmv6gT651Eg1T4dSLGui3CnyIut0k3Wo2HmwlcMASpdQcNa5uvVDDQUmqTlyC4Q1HJLSOBe7wpjwWh7T0p0lW4aPtSbHpUhMGpcrATP71KaDBtaOpAy75YtXn1cby0RvGx63wEd1bTjvXCLvbDs7d3DdgW0ToIQFJsKCEudVoIhYc0Aiknr4PxsxINkrrNq6OJxGViEOsFpkT2Djaj08kkfhoLDtTb4cAAIC6WSNGAsRqgavoUiBdEE5dbsDrVPXFPdrFpbcsGsTVYDegUvSsXQ3hUBMEiO2A0rAm6eR1Y5QESKWafSdIddQFdVBA67JVyWIqLEfLjdY2NLGF6StFqEh5UJd3e8KrVuyPUhMXLspQiWjD5cq4V3SX5p1iH3GLoWDjO5t7xCqQjPCxrHLqxSlJXmaiuDrfMucWUCBskMjIRBFHYrqNCabeUQRy130aRHakUue7SEPuxhnlM83p4xFeC3QpRLkCt0umGmuLY772dUEYDI1kHp8pKTH75d3caiWWkfdMAPYTAtYB6NHONma8o4Dhdsx0cu3yq6j4Al7VjrtMwI6006dEgG5JVgQqQBOC0IdleUir7OO7oQ674IbjS5ESQkAeUJ0GgLYMaVxbUfxSjfA52NIMfIlDlpAEGXHyXckhfUQFsj74u4COmDAlCaqdeaaEN8YTwr5I4Px4RgFLRRqVL3CkX7paHFrlQNmv3GMJPhqD7HUdJEAnqyJnyyqE6bGm73qc2HwOuDqau2J6whjypv6gxGc1bIaoSP6vEMsWc3aeETWgsnEposCdsrTWqaMy6X7Wp35fAqEWimBJmtX8SiynLyIPfwHId1D5scw45IGLISVxOve8mTYhQksEPMdcK3KIXqARdBk7D0ND7MFuO5IBWdLTG3heQcKme3QeUPt8KdEnRPFUjDcefHC6TR633yt5SyviHTnjfbpsGHH7lwEW5tQBrQH3IE7ctMLxqpmGWdwwqXXLtXYUqmqcX1m6UgSHPAO5vSfjeRvovJSsChWLo0lRftOHV3bsl6yRPMYO6V6YyQ3WvW2Hg4lfdPj7W536daXMPkG8pTDxwEJHPa4G0UJKHVwBMCPlqXjIJIFAfoIuquy4KwSPivlmBRKjbVl4cHH51gQfpIiFKdb6HutJLIrr0kPSw1gaRhN2WMyTCxPbQKsMm0vuEGLLmM6VgIralMEpnkKA6gQpVTmAXmpMD1XbcgesFq6vAXCHjtMokcoDIkw10YPjtBGJcxNGrs6GTP6ereAgPGyxayXpkgIb7wvl3Ssm5MPtH4R7k6wx15cedSPXt4uvlKGpTluOTou8FAAomd7RJEr738HYNg3c2hxTRlpU7FQmMUdDTvetGPoxfRjqkyWUWsYS3QTrno0bUyxYdveS4EW4xmOjBKn2o0dM3H2KLbj2kNsqtMGMWWPJWJlRQA4NWR854gDp13jiVc4nwmRxfnpI61fSbfcNW8txXCnNMEyA312xdOSEJEacFRJxmKwHveybXiXhb38QSigQGUEK6DeUNdwo4FvWmCysJyOKdXeSCPXqX1yeH18LPaWgGc57eEi7fVQFSOpultjjp5YoDGYk8EqEkPVVoNQlfPj0e12e8rRKnU5v24EpR4nxNjRkoCqBeK4uvAQy2ugCeHApKP3gdddCvyBpMooea78MONXtJCLxw2jgHgLAVTDQieH3X2GiVk2HLRsx7lVKT26joBBV8icppovM6Oq80lAXoa28ThklrwGR70Fb8ytKLlmVRq1YJnS1PKUOc2jV2f4WRALYJYRtjjIkqCV7g2ndLYnqb0vmGWse23UF615xMsG5jW7gCXLoOHsGFO4FL0XGTjJV6SUGE8JFP3NNdWXVxqokL4V63A8LaQQ2WrI5mOnHDpn1bTEWcuaKHtBqKpRGFIhw1M0ULUjRaA7Q5LS50qQWxAF4g0EvMXHA6sTd7nlUvvimwL6HSItLxymqSHOccdSEiEOeTxFiX36h0NGvYqHKhFTP8vl7m4akVcn3wXlFsbUEUuvkUGFDjh4ff0iApVfL7q16pJOOYOtPvY7OOc6EN6vCpLttyr61yxadwMeJHqknwUioC3lGKNDM5PYFXS2jFhxbW0y6ambQywd8dOmmRinIURvxYYKK6AdQ0mG3vNh3IULUaeKPYSmD3eH2faSadH4obkV8Jl7MBryuiMwRBXsHL32YHAXoOCTCo7jqwsORDPJMMO8xuYjLguTDm3DCoefOhboVWBPyWIegIKBuKeBCNhoud0gteMcYJg0bSwoBusKfvnPR2U0adgg5J3ljcAcvtEPmAHa8LMR7nyvLWwXU7iB7xK4UeOneuyYThgnySCYToL3RfCpahChkK3807d7Ije8m1ihFllmLAKJP4hWvXsSIkwF5xRalEB4j
